
Microsoft Visual Studio Solution File, Format Version 12.00
# Visual Studio Version 16
VisualStudioVersion = 16.0.30011.22
MinimumVisualStudioVersion = 10.0.40219.1
Project("{FAE04EC0-301F-11D3-BF4B-00C04F79EFBC}") = "Teste012-Interfaces", "Teste012-Interfaces\Teste012-Interfaces.csproj", "{45AA49FC-4247-48AD-B5AF-28F5222D0B4D}"
EndProject
Global
	GlobalSection(SolutionConfigurationPlatforms) = preSolution
		Debug|Any CPU = Debug|Any CPU
		Release|Any CPU = Release|Any CPU
	EndGlobalSection
	GlobalSection(ProjectConfigurationPlatforms) = postSolution
		{45AA49FC-4247-48AD-B5AF-28F5222D0B4D}.Debug|Any CPU.ActiveCfg = Debug|Any CPU
		{45AA49FC-4247-48AD-B5AF-28F5222D0B4D}.Debug|Any CPU.Build.0 = Debug|Any CPU
		{45AA49FC-4247-48AD-B5AF-28F5222D0B4D}.Release|Any CPU.ActiveCfg = Release|Any CPU
		{45AA49FC-4247-48AD-B5AF-28F5222D0B4D}.Release|Any CPU.Build.0 = Release|Any CPU
	EndGlobalSection
	GlobalSection(SolutionProperties) = preSolution
		HideSolutionNode = FALSE
	EndGlobalSection
	GlobalSection(ExtensibilityGlobals) = postSolution
		SolutionGuid = {8EF8E4FF-0C78-46D3-A88D-55999DE918CB}
	EndGlobalSection
EndGlobal
